
Microsoft Visual Studio Solution File, Format Version 12.00
# Visual Studio Version 17
VisualStudioVersion = 17.8.34330.188
MinimumVisualStudioVersion = 10.0.40219.1
Project("{C7167F0D-BC9F-4E6E-AFE1-012C56B48DB5}") = "client (Package)", "client\client (Package)\client (Package).wapproj", "{87BDA8DE-461F-464F-9290-DA599C02F78D}"
EndProject
Project("{FAE04EC0-301F-11D3-BF4B-00C04F79EFBC}") = "client", "client\client\client.csproj", "{46DACACE-7F9C-4275-A320-24A10BE24F09}"
EndProject
Project("{FAE04EC0-301F-11D3-BF4B-00C04F79EFBC}") = "GUI", "GUI\GUI.csproj", "{940472B7-E696-4B1E-860F-93AC0513E6B4}"
EndProject
Project("{FAE04EC0-301F-11D3-BF4B-00C04F79EFBC}") = "BUS", "BUS\BUS.csproj", "{4D32BCFD-DE5A-4555-8D0B-1675367BC17D}"
EndProject
Project("{FAE04EC0-301F-11D3-BF4B-00C04F79EFBC}") = "DAO", "DAO\DAO.csproj", "{B870368E-EF80-484E-B6CA-DF3C49DAC58A}"
EndProject
Project("{FAE04EC0-301F-11D3-BF4B-00C04F79EFBC}") = "ThreeLayerContract", "ThreeLayerContract\ThreeLayerContract.csproj", "{C991CD46-74F7-4227-8548-71A7D47B0E5C}"
EndProject
Global
	GlobalSection(SolutionConfigurationPlatforms) = preSolution
		Debug|Any CPU = Debug|Any CPU
		Debug|arm64 = Debug|arm64
		Debug|x64 = Debug|x64
		Debug|x86 = Debug|x86
		Release|Any CPU = Release|Any CPU
		Release|arm64 = Release|arm64
		Release|x64 = Release|x64
		Release|x86 = Release|x86
	EndGlobalSection
	GlobalSection(ProjectConfigurationPlatforms) = postSolution
		{87BDA8DE-461F-464F-9290-DA599C02F78D}.Debug|Any CPU.ActiveCfg = Debug|x64
		{87BDA8DE-461F-464F-9290-DA599C02F78D}.Debug|Any CPU.Build.0 = Debug|x64
		{87BDA8DE-461F-464F-9290-DA599C02F78D}.Debug|Any CPU.Deploy.0 = Debug|x64
		{87BDA8DE-461F-464F-9290-DA599C02F78D}.Debug|arm64.ActiveCfg = Debug|arm64
		{87BDA8DE-461F-464F-9290-DA599C02F78D}.Debug|arm64.Build.0 = Debug|arm64
		{87BDA8DE-461F-464F-9290-DA599C02F78D}.Debug|arm64.Deploy.0 = Debug|arm64
		{87BDA8DE-461F-464F-9290-DA599C02F78D}.Debug|x64.ActiveCfg = Debug|x64
		{87BDA8DE-461F-464F-9290-DA599C02F78D}.Debug|x64.Build.0 = Debug|x64
		{87BDA8DE-461F-464F-9290-DA599C02F78D}.Debug|x64.Deploy.0 = Debug|x64
		{87BDA8DE-461F-464F-9290-DA599C02F78D}.Debug|x86.ActiveCfg = Debug|x86
		{87BDA8DE-461F-464F-9290-DA599C02F78D}.Debug|x86.Build.0 = Debug|x86
		{87BDA8DE-461F-464F-9290-DA599C02F78D}.Debug|x86.Deploy.0 = Debug|x86
		{87BDA8DE-461F-464F-9290-DA599C02F78D}.Release|Any CPU.ActiveCfg = Release|x64
		{87BDA8DE-461F-464F-9290-DA599C02F78D}.Release|Any CPU.Build.0 = Release|x64
		{87BDA8DE-461F-464F-9290-DA599C02F78D}.Release|Any CPU.Deploy.0 = Release|x64
		{87BDA8DE-461F-464F-9290-DA599C02F78D}.Release|arm64.ActiveCfg = Release|arm64
		{87BDA8DE-461F-464F-9290-DA599C02F78D}.Release|arm64.Build.0 = Release|arm64
		{87BDA8DE-461F-464F-9290-DA599C02F78D}.Release|arm64.Deploy.0 = Release|arm64
		{87BDA8DE-461F-464F-9290-DA599C02F78D}.Release|x64.ActiveCfg = Release|x64
		{87BDA8DE-461F-464F-9290-DA599C02F78D}.Release|x64.Build.0 = Release|x64
		{87BDA8DE-461F-464F-9290-DA599C02F78D}.Release|x64.Deploy.0 = Release|x64
		{87BDA8DE-461F-464F-9290-DA599C02F78D}.Release|x86.ActiveCfg = Release|x86
		{87BDA8DE-461F-464F-9290-DA599C02F78D}.Release|x86.Build.0 = Release|x86
		{87BDA8DE-461F-464F-9290-DA599C02F78D}.Release|x86.Deploy.0 = Release|x86
		{46DACACE-7F9C-4275-A320-24A10BE24F09}.Debug|Any CPU.ActiveCfg = Debug|x64
		{46DACACE-7F9C-4275-A320-24A10BE24F09}.Debug|Any CPU.Build.0 = Debug|x64
		{46DACACE-7F9C-4275-A320-24A10BE24F09}.Debug|arm64.ActiveCfg = Debug|arm64
		{46DACACE-7F9C-4275-A320-24A10BE24F09}.Debug|arm64.Build.0 = Debug|arm64
		{46DACACE-7F9C-4275-A320-24A10BE24F09}.Debug|x64.ActiveCfg = Debug|x64
		{46DACACE-7F9C-4275-A320-24A10BE24F09}.Debug|x64.Build.0 = Debug|x64
		{46DACACE-7F9C-4275-A320-24A10BE24F09}.Debug|x86.ActiveCfg = Debug|x86
		{46DACACE-7F9C-4275-A320-24A10BE24F09}.Debug|x86.Build.0 = Debug|x86
		{46DACACE-7F9C-4275-A320-24A10BE24F09}.Release|Any CPU.ActiveCfg = Release|x64
		{46DACACE-7F9C-4275-A320-24A10BE24F09}.Release|Any CPU.Build.0 = Release|x64
		{46DACACE-7F9C-4275-A320-24A10BE24F09}.Release|arm64.ActiveCfg = Release|arm64
		{46DACACE-7F9C-4275-A320-24A10BE24F09}.Release|arm64.Build.0 = Release|arm64
		{46DACACE-7F9C-4275-A320-24A10BE24F09}.Release|x64.ActiveCfg = Release|x64
		{46DACACE-7F9C-4275-A320-24A10BE24F09}.Release|x64.Build.0 = Release|x64
		{46DACACE-7F9C-4275-A320-24A10BE24F09}.Release|x86.ActiveCfg = Release|x86
		{46DACACE-7F9C-4275-A320-24A10BE24F09}.Release|x86.Build.0 = Release|x86
		{940472B7-E696-4B1E-860F-93AC0513E6B4}.Debug|Any CPU.ActiveCfg = Debug|Any CPU
		{940472B7-E696-4B1E-860F-93AC0513E6B4}.Debug|Any CPU.Build.0 = Debug|Any CPU
		{940472B7-E696-4B1E-860F-93AC0513E6B4}.Debug|arm64.ActiveCfg = Debug|Any CPU
		{940472B7-E696-4B1E-860F-93AC0513E6B4}.Debug|arm64.Build.0 = Debug|Any CPU
		{940472B7-E696-4B1E-860F-93AC0513E6B4}.Debug|x64.ActiveCfg = Debug|Any CPU
		{940472B7-E696-4B1E-860F-93AC0513E6B4}.Debug|x64.Build.0 = Debug|Any CPU
		{940472B7-E696-4B1E-860F-93AC0513E6B4}.Debug|x86.ActiveCfg = Debug|Any CPU
		{940472B7-E696-4B1E-860F-93AC0513E6B4}.Debug|x86.Build.0 = Debug|Any CPU
		{940472B7-E696-4B1E-860F-93AC0513E6B4}.Release|Any CPU.ActiveCfg = Release|Any CPU
		{940472B7-E696-4B1E-860F-93AC0513E6B4}.Release|Any CPU.Build.0 = Release|Any CPU
		{940472B7-E696-4B1E-860F-93AC0513E6B4}.Release|arm64.ActiveCfg = Release|Any CPU
		{940472B7-E696-4B1E-860F-93AC0513E6B4}.Release|arm64.Build.0 = Release|Any CPU
		{940472B7-E696-4B1E-860F-93AC0513E6B4}.Release|x64.ActiveCfg = Release|Any CPU
		{940472B7-E696-4B1E-860F-93AC0513E6B4}.Release|x64.Build.0 = Release|Any CPU
		{940472B7-E696-4B1E-860F-93AC0513E6B4}.Release|x86.ActiveCfg = Release|Any CPU
		{940472B7-E696-4B1E-860F-93AC0513E6B4}.Release|x86.Build.0 = Release|Any CPU
		{4D32BCFD-DE5A-4555-8D0B-1675367BC17D}.Debug|Any CPU.ActiveCfg = Debug|Any CPU
		{4D32BCFD-DE5A-4555-8D0B-1675367BC17D}.Debug|Any CPU.Build.0 = Debug|Any CPU
		{4D32BCFD-DE5A-4555-8D0B-1675367BC17D}.Debug|arm64.ActiveCfg = Debug|Any CPU
		{4D32BCFD-DE5A-4555-8D0B-1675367BC17D}.Debug|arm64.Build.0 = Debug|Any CPU
		{4D32BCFD-DE5A-4555-8D0B-1675367BC17D}.Debug|x64.ActiveCfg = Debug|Any CPU
		{4D32BCFD-DE5A-4555-8D0B-1675367BC17D}.Debug|x64.Build.0 = Debug|Any CPU
		{4D32BCFD-DE5A-4555-8D0B-1675367BC17D}.Debug|x86.ActiveCfg = Debug|Any CPU
		{4D32BCFD-DE5A-4555-8D0B-1675367BC17D}.Debug|x86.Build.0 = Debug|Any CPU
		{4D32BCFD-DE5A-4555-8D0B-1675367BC17D}.Release|Any CPU.ActiveCfg = Release|Any CPU
		{4D32BCFD-DE5A-4555-8D0B-1675367BC17D}.Release|Any CPU.Build.0 = Release|Any CPU
		{4D32BCFD-DE5A-4555-8D0B-1675367BC17D}.Release|arm64.ActiveCfg = Release|Any CPU
		{4D32BCFD-DE5A-4555-8D0B-1675367BC17D}.Release|arm64.Build.0 = Release|Any CPU
		{4D32BCFD-DE5A-4555-8D0B-1675367BC17D}.Release|x64.ActiveCfg = Release|Any CPU
		{4D32BCFD-DE5A-4555-8D0B-1675367BC17D}.Release|x64.Build.0 = Release|Any CPU
		{4D32BCFD-DE5A-4555-8D0B-1675367BC17D}.Release|x86.ActiveCfg = Release|Any CPU
		{4D32BCFD-DE5A-4555-8D0B-1675367BC17D}.Release|x86.Build.0 = Release|Any CPU
		{B870368E-EF80-484E-B6CA-DF3C49DAC58A}.Debug|Any CPU.ActiveCfg = Debug|Any CPU
		{B870368E-EF80-484E-B6CA-DF3C49DAC58A}.Debug|Any CPU.Build.0 = Debug|Any CPU
		{B870368E-EF80-484E-B6CA-DF3C49DAC58A}.Debug|arm64.ActiveCfg = Debug|Any CPU
		{B870368E-EF80-484E-B6CA-DF3C49DAC58A}.Debug|arm64.Build.0 = Debug|Any CPU
		{B870368E-EF80-484E-B6CA-DF3C49DAC58A}.Debug|x64.ActiveCfg = Debug|Any CPU
		{B870368E-EF80-484E-B6CA-DF3C49DAC58A}.Debug|x64.Build.0 = Debug|Any CPU
		{B870368E-EF80-484E-B6CA-DF3C49DAC58A}.Debug|x86.ActiveCfg = Debug|Any CPU
		{B870368E-EF80-484E-B6CA-DF3C49DAC58A}.Debug|x86.Build.0 = Debug|Any CPU
		{B870368E-EF80-484E-B6CA-DF3C49DAC58A}.Release|Any CPU.ActiveCfg = Release|Any CPU
		{B870368E-EF80-484E-B6CA-DF3C49DAC58A}.Release|Any CPU.Build.0 = Release|Any CPU
		{B870368E-EF80-484E-B6CA-DF3C49DAC58A}.Release|arm64.ActiveCfg = Release|Any CPU
		{B870368E-EF80-484E-B6CA-DF3C49DAC58A}.Release|arm64.Build.0 = Release|Any CPU
		{B870368E-EF80-484E-B6CA-DF3C49DAC58A}.Release|x64.ActiveCfg = Release|Any CPU
		{B870368E-EF80-484E-B6CA-DF3C49DAC58A}.Release|x64.Build.0 = Release|Any CPU
		{B870368E-EF80-484E-B6CA-DF3C49DAC58A}.Release|x86.ActiveCfg = Release|Any CPU
		{B870368E-EF80-484E-B6CA-DF3C49DAC58A}.Release|x86.Build.0 = Release|Any CPU
		{C991CD46-74F7-4227-8548-71A7D47B0E5C}.Debug|Any CPU.ActiveCfg = Debug|Any CPU
		{C991CD46-74F7-4227-8548-71A7D47B0E5C}.Debug|Any CPU.Build.0 = Debug|Any CPU
		{C991CD46-74F7-4227-8548-71A7D47B0E5C}.Debug|arm64.ActiveCfg = Debug|Any CPU
		{C991CD46-74F7-4227-8548-71A7D47B0E5C}.Debug|arm64.Build.0 = Debug|Any CPU
		{C991CD46-74F7-4227-8548-71A7D47B0E5C}.Debug|x64.ActiveCfg = Debug|Any CPU
		{C991CD46-74F7-4227-8548-71A7D47B0E5C}.Debug|x64.Build.0 = Debug|Any CPU
		{C991CD46-74F7-4227-8548-71A7D47B0E5C}.Debug|x86.ActiveCfg = Debug|Any CPU
		{C991CD46-74F7-4227-8548-71A7D47B0E5C}.Debug|x86.Build.0 = Debug|Any CPU
		{C991CD46-74F7-4227-8548-71A7D47B0E5C}.Release|Any CPU.ActiveCfg = Release|Any CPU
		{C991CD46-74F7-4227-8548-71A7D47B0E5C}.Release|Any CPU.Build.0 = Release|Any CPU
		{C991CD46-74F7-4227-8548-71A7D47B0E5C}.Release|arm64.ActiveCfg = Release|Any CPU
		{C991CD46-74F7-4227-8548-71A7D47B0E5C}.Release|arm64.Build.0 = Release|Any CPU
		{C991CD46-74F7-4227-8548-71A7D47B0E5C}.Release|x64.ActiveCfg = Release|Any CPU
		{C991CD46-74F7-4227-8548-71A7D47B0E5C}.Release|x64.Build.0 = Release|Any CPU
		{C991CD46-74F7-4227-8548-71A7D47B0E5C}.Release|x86.ActiveCfg = Release|Any CPU
		{C991CD46-74F7-4227-8548-71A7D47B0E5C}.Release|x86.Build.0 = Release|Any CPU
	EndGlobalSection
	GlobalSection(SolutionProperties) = preSolution
		HideSolutionNode = FALSE
	EndGlobalSection
	GlobalSection(ExtensibilityGlobals) = postSolution
		SolutionGuid = {C9284B6B-1AA7-499A-9D77-6B09EE2C7F18}
	EndGlobalSection
EndGlobal
